
Microsoft Visual Studio Solution File, Format Version 12.00
# Visual Studio Version 17
VisualStudioVersion = 17.11.35303.130
MinimumVisualStudioVersion = 10.0.40219.1
Project("{FAE04EC0-301F-11D3-BF4B-00C04F79EFBC}") = "btvn_tuan2_nguyenduyhung", "btvn_tuan2_nguyenduyhung\btvn_tuan2_nguyenduyhung.csproj", "{EC1067B6-895F-4C84-B84E-7D901D606645}"
EndProject
Project("{FAE04EC0-301F-11D3-BF4B-00C04F79EFBC}") = "giaiptbac2", "giaiptbac2\giaiptbac2.csproj", "{243BB5EC-17E0-4F20-BF7A-00B60646EE20}"
EndProject
Project("{FAE04EC0-301F-11D3-BF4B-00C04F79EFBC}") = "ucln", "ucln\ucln.csproj", "{8840257F-6B96-4980-8FE3-C455995A2EAC}"
EndProject
Project("{FAE04EC0-301F-11D3-BF4B-00C04F79EFBC}") = "ngay_tthang", "ngay_tthang\ngay_tthang.csproj", "{BBD7906F-34DB-4192-A4A9-ADDF6EF12DE5}"
EndProject
Project("{FAE04EC0-301F-11D3-BF4B-00C04F79EFBC}") = "SoNguyenTo", "SoNguyenTo\SoNguyenTo.csproj", "{30B7092A-8262-4FEF-88F7-579A20CE660D}"
EndProject
Global
	GlobalSection(SolutionConfigurationPlatforms) = preSolution
		Debug|Any CPU = Debug|Any CPU
		Release|Any CPU = Release|Any CPU
	EndGlobalSection
	GlobalSection(ProjectConfigurationPlatforms) = postSolution
		{EC1067B6-895F-4C84-B84E-7D901D606645}.Debug|Any CPU.ActiveCfg = Debug|Any CPU
		{EC1067B6-895F-4C84-B84E-7D901D606645}.Debug|Any CPU.Build.0 = Debug|Any CPU
		{EC1067B6-895F-4C84-B84E-7D901D606645}.Release|Any CPU.ActiveCfg = Release|Any CPU
		{EC1067B6-895F-4C84-B84E-7D901D606645}.Release|Any CPU.Build.0 = Release|Any CPU
		{243BB5EC-17E0-4F20-BF7A-00B60646EE20}.Debug|Any CPU.ActiveCfg = Debug|Any CPU
		{243BB5EC-17E0-4F20-BF7A-00B60646EE20}.Debug|Any CPU.Build.0 = Debug|Any CPU
		{243BB5EC-17E0-4F20-BF7A-00B60646EE20}.Release|Any CPU.ActiveCfg = Release|Any CPU
		{243BB5EC-17E0-4F20-BF7A-00B60646EE20}.Release|Any CPU.Build.0 = Release|Any CPU
		{8840257F-6B96-4980-8FE3-C455995A2EAC}.Debug|Any CPU.ActiveCfg = Debug|Any CPU
		{8840257F-6B96-4980-8FE3-C455995A2EAC}.Debug|Any CPU.Build.0 = Debug|Any CPU
		{8840257F-6B96-4980-8FE3-C455995A2EAC}.Release|Any CPU.ActiveCfg = Release|Any CPU
		{8840257F-6B96-4980-8FE3-C455995A2EAC}.Release|Any CPU.Build.0 = Release|Any CPU
		{BBD7906F-34DB-4192-A4A9-ADDF6EF12DE5}.Debug|Any CPU.ActiveCfg = Debug|Any CPU
		{BBD7906F-34DB-4192-A4A9-ADDF6EF12DE5}.Debug|Any CPU.Build.0 = Debug|Any CPU
		{BBD7906F-34DB-4192-A4A9-ADDF6EF12DE5}.Release|Any CPU.ActiveCfg = Release|Any CPU
		{BBD7906F-34DB-4192-A4A9-ADDF6EF12DE5}.Release|Any CPU.Build.0 = Release|Any CPU
		{30B7092A-8262-4FEF-88F7-579A20CE660D}.Debug|Any CPU.ActiveCfg = Debug|Any CPU
		{30B7092A-8262-4FEF-88F7-579A20CE660D}.Debug|Any CPU.Build.0 = Debug|Any CPU
		{30B7092A-8262-4FEF-88F7-579A20CE660D}.Release|Any CPU.ActiveCfg = Release|Any CPU
		{30B7092A-8262-4FEF-88F7-579A20CE660D}.Release|Any CPU.Build.0 = Release|Any CPU
	EndGlobalSection
	GlobalSection(SolutionProperties) = preSolution
		HideSolutionNode = FALSE
	EndGlobalSection
	GlobalSection(ExtensibilityGlobals) = postSolution
		SolutionGuid = {6B217C0D-E511-43C2-A32A-8C25398DD665}
	EndGlobalSection
EndGlobal
