
Microsoft Visual Studio Solution File, Format Version 12.00
# Visual Studio Version 17
VisualStudioVersion = 17.11.35303.130
MinimumVisualStudioVersion = 10.0.40219.1
Project("{FAE04EC0-301F-11D3-BF4B-00C04F79EFBC}") = "btvn_19_10_2024_NguyenDuyHung", "btvn_19_10_2024_NguyenDuyHung\btvn_19_10_2024_NguyenDuyHung.csproj", "{B12FE905-9689-446F-96AD-754C2F3B5CDD}"
EndProject
Global
	GlobalSection(SolutionConfigurationPlatforms) = preSolution
		Debug|Any CPU = Debug|Any CPU
		Release|Any CPU = Release|Any CPU
	EndGlobalSection
	GlobalSection(ProjectConfigurationPlatforms) = postSolution
		{B12FE905-9689-446F-96AD-754C2F3B5CDD}.Debug|Any CPU.ActiveCfg = Debug|Any CPU
		{B12FE905-9689-446F-96AD-754C2F3B5CDD}.Debug|Any CPU.Build.0 = Debug|Any CPU
		{B12FE905-9689-446F-96AD-754C2F3B5CDD}.Release|Any CPU.ActiveCfg = Release|Any CPU
		{B12FE905-9689-446F-96AD-754C2F3B5CDD}.Release|Any CPU.Build.0 = Release|Any CPU
	EndGlobalSection
	GlobalSection(SolutionProperties) = preSolution
		HideSolutionNode = FALSE
	EndGlobalSection
	GlobalSection(ExtensibilityGlobals) = postSolution
		SolutionGuid = {39066CFA-1691-4824-B02B-ABE642CFF154}
	EndGlobalSection
EndGlobal
