
Microsoft Visual Studio Solution File, Format Version 12.00
# Visual Studio Version 17
VisualStudioVersion = 17.9.34728.123
MinimumVisualStudioVersion = 10.0.40219.1
Project("{FAE04EC0-301F-11D3-BF4B-00C04F79EFBC}") = "WebApplication5", "WebApplication5\WebApplication5.csproj", "{792F9F68-07D8-42AA-88C8-BAB20A223F45}"
EndProject
Global
	GlobalSection(SolutionConfigurationPlatforms) = preSolution
		Debug|Any CPU = Debug|Any CPU
		Release|Any CPU = Release|Any CPU
	EndGlobalSection
	GlobalSection(ProjectConfigurationPlatforms) = postSolution
		{792F9F68-07D8-42AA-88C8-BAB20A223F45}.Debug|Any CPU.ActiveCfg = Debug|Any CPU
		{792F9F68-07D8-42AA-88C8-BAB20A223F45}.Debug|Any CPU.Build.0 = Debug|Any CPU
		{792F9F68-07D8-42AA-88C8-BAB20A223F45}.Release|Any CPU.ActiveCfg = Release|Any CPU
		{792F9F68-07D8-42AA-88C8-BAB20A223F45}.Release|Any CPU.Build.0 = Release|Any CPU
	EndGlobalSection
	GlobalSection(SolutionProperties) = preSolution
		HideSolutionNode = FALSE
	EndGlobalSection
	GlobalSection(ExtensibilityGlobals) = postSolution
		SolutionGuid = {A519E6B3-01AD-47A6-A9D7-5D3B1DBA0A6E}
	EndGlobalSection
EndGlobal
